
Microsoft Visual Studio Solution File, Format Version 12.00
# Visual Studio Version 17
VisualStudioVersion = 17.1.32228.430
MinimumVisualStudioVersion = 10.0.40219.1
Project("{FAE04EC0-301F-11D3-BF4B-00C04F79EFBC}") = "FTWebApplication", "FTWebApplication\FTWebApplication.csproj", "{884637BB-491A-48D6-AD8F-D5CEDD8F6913}"
EndProject
Global
	GlobalSection(SolutionConfigurationPlatforms) = preSolution
		Debug|Any CPU = Debug|Any CPU
		Release|Any CPU = Release|Any CPU
	EndGlobalSection
	GlobalSection(ProjectConfigurationPlatforms) = postSolution
		{884637BB-491A-48D6-AD8F-D5CEDD8F6913}.Debug|Any CPU.ActiveCfg = Debug|Any CPU
		{884637BB-491A-48D6-AD8F-D5CEDD8F6913}.Debug|Any CPU.Build.0 = Debug|Any CPU
		{884637BB-491A-48D6-AD8F-D5CEDD8F6913}.Release|Any CPU.ActiveCfg = Release|Any CPU
		{884637BB-491A-48D6-AD8F-D5CEDD8F6913}.Release|Any CPU.Build.0 = Release|Any CPU
	EndGlobalSection
	GlobalSection(SolutionProperties) = preSolution
		HideSolutionNode = FALSE
	EndGlobalSection
	GlobalSection(ExtensibilityGlobals) = postSolution
		SolutionGuid = {F7C30B8A-D98A-4A5F-997C-40EBEB8A0E37}
	EndGlobalSection
EndGlobal
